
Microsoft Visual Studio Solution File, Format Version 12.00
# Visual Studio 15
VisualStudioVersion = 15.0.28010.2016
MinimumVisualStudioVersion = 10.0.40219.1
Project("{FAE04EC0-301F-11D3-BF4B-00C04F79EFBC}") = "Lab3", "Lab3\Lab3.csproj", "{0B250BB0-6A70-4B91-941C-BFF15DEEDDB5}"
EndProject
Project("{FAE04EC0-301F-11D3-BF4B-00C04F79EFBC}") = "Test", "UnitTestProject1\Test.csproj", "{D6F0EA9A-925E-4E19-B6CD-0E36FE81E5B0}"
	ProjectSection(ProjectDependencies) = postProject
		{0B250BB0-6A70-4B91-941C-BFF15DEEDDB5} = {0B250BB0-6A70-4B91-941C-BFF15DEEDDB5}
	EndProjectSection
EndProject
Global
	GlobalSection(SolutionConfigurationPlatforms) = preSolution
		Debug|Any CPU = Debug|Any CPU
		Release|Any CPU = Release|Any CPU
	EndGlobalSection
	GlobalSection(ProjectConfigurationPlatforms) = postSolution
		{0B250BB0-6A70-4B91-941C-BFF15DEEDDB5}.Debug|Any CPU.ActiveCfg = Debug|Any CPU
		{0B250BB0-6A70-4B91-941C-BFF15DEEDDB5}.Debug|Any CPU.Build.0 = Debug|Any CPU
		{0B250BB0-6A70-4B91-941C-BFF15DEEDDB5}.Release|Any CPU.ActiveCfg = Release|Any CPU
		{0B250BB0-6A70-4B91-941C-BFF15DEEDDB5}.Release|Any CPU.Build.0 = Release|Any CPU
		{D6F0EA9A-925E-4E19-B6CD-0E36FE81E5B0}.Debug|Any CPU.ActiveCfg = Debug|Any CPU
		{D6F0EA9A-925E-4E19-B6CD-0E36FE81E5B0}.Debug|Any CPU.Build.0 = Debug|Any CPU
		{D6F0EA9A-925E-4E19-B6CD-0E36FE81E5B0}.Release|Any CPU.ActiveCfg = Release|Any CPU
		{D6F0EA9A-925E-4E19-B6CD-0E36FE81E5B0}.Release|Any CPU.Build.0 = Release|Any CPU
	EndGlobalSection
	GlobalSection(SolutionProperties) = preSolution
		HideSolutionNode = FALSE
	EndGlobalSection
	GlobalSection(ExtensibilityGlobals) = postSolution
		SolutionGuid = {791E1610-4268-4F8E-A1F7-74F1D4A83EA4}
	EndGlobalSection
EndGlobal
